
Microsoft Visual Studio Solution File, Format Version 12.00
# Visual Studio Version 16
VisualStudioVersion = 16.0.29709.97
MinimumVisualStudioVersion = 10.0.40219.1
Project("{FAE04EC0-301F-11D3-BF4B-00C04F79EFBC}") = "Deliverable 2 - Iterative Statement", "Deliverable 2 - Iterative Statement.csproj", "{00D2BCC1-27A0-4EFB-A5FB-7AB14A2AA10B}"
EndProject
Global
	GlobalSection(SolutionConfigurationPlatforms) = preSolution
		Debug|Any CPU = Debug|Any CPU
		Release|Any CPU = Release|Any CPU
	EndGlobalSection
	GlobalSection(ProjectConfigurationPlatforms) = postSolution
		{00D2BCC1-27A0-4EFB-A5FB-7AB14A2AA10B}.Debug|Any CPU.ActiveCfg = Debug|Any CPU
		{00D2BCC1-27A0-4EFB-A5FB-7AB14A2AA10B}.Debug|Any CPU.Build.0 = Debug|Any CPU
		{00D2BCC1-27A0-4EFB-A5FB-7AB14A2AA10B}.Release|Any CPU.ActiveCfg = Release|Any CPU
		{00D2BCC1-27A0-4EFB-A5FB-7AB14A2AA10B}.Release|Any CPU.Build.0 = Release|Any CPU
	EndGlobalSection
	GlobalSection(SolutionProperties) = preSolution
		HideSolutionNode = FALSE
	EndGlobalSection
	GlobalSection(ExtensibilityGlobals) = postSolution
		SolutionGuid = {56F3E8B1-A5EA-4251-96C4-E0E532777387}
	EndGlobalSection
EndGlobal
